
Microsoft Visual Studio Solution File, Format Version 12.00
# Visual Studio Version 17
VisualStudioVersion = 17.14.36109.1
MinimumVisualStudioVersion = 10.0.40219.1
Project("{FAE04EC0-301F-11D3-BF4B-00C04F79EFBC}") = "Strings", "Strings\Strings.csproj", "{A0DD3D26-4C46-4EF9-BE5D-EBF4BD061A54}"
EndProject
Project("{FAE04EC0-301F-11D3-BF4B-00C04F79EFBC}") = "Numbers", "Numbers\Numbers.csproj", "{B2099836-EFA5-4918-88D2-3C372DDCAE21}"
EndProject
Project("{FAE04EC0-301F-11D3-BF4B-00C04F79EFBC}") = "Objects", "Objects\Objects.csproj", "{E5C79EC0-8218-4033-9956-335C4778C44B}"
EndProject
Project("{FAE04EC0-301F-11D3-BF4B-00C04F79EFBC}") = "Formatting", "Formatting\Formatting.csproj", "{6C0A03D0-988F-4BB5-B04A-09A113D547F0}"
EndProject
Project("{FAE04EC0-301F-11D3-BF4B-00C04F79EFBC}") = "Arguments", "Arguments\Arguments.csproj", "{7F57A2BA-A5D2-459D-AB65-1FC0C9D2724F}"
EndProject
Project("{FAE04EC0-301F-11D3-BF4B-00C04F79EFBC}") = "Exercise_Numbers", "Exercise_Numbers\Exercise_Numbers.csproj", "{67B81A97-60B3-4360-94E2-234A8DB614B1}"
EndProject
Global
	GlobalSection(SolutionConfigurationPlatforms) = preSolution
		Debug|Any CPU = Debug|Any CPU
		Release|Any CPU = Release|Any CPU
	EndGlobalSection
	GlobalSection(ProjectConfigurationPlatforms) = postSolution
		{A0DD3D26-4C46-4EF9-BE5D-EBF4BD061A54}.Debug|Any CPU.ActiveCfg = Debug|Any CPU
		{A0DD3D26-4C46-4EF9-BE5D-EBF4BD061A54}.Debug|Any CPU.Build.0 = Debug|Any CPU
		{A0DD3D26-4C46-4EF9-BE5D-EBF4BD061A54}.Release|Any CPU.ActiveCfg = Release|Any CPU
		{A0DD3D26-4C46-4EF9-BE5D-EBF4BD061A54}.Release|Any CPU.Build.0 = Release|Any CPU
		{B2099836-EFA5-4918-88D2-3C372DDCAE21}.Debug|Any CPU.ActiveCfg = Debug|Any CPU
		{B2099836-EFA5-4918-88D2-3C372DDCAE21}.Debug|Any CPU.Build.0 = Debug|Any CPU
		{B2099836-EFA5-4918-88D2-3C372DDCAE21}.Release|Any CPU.ActiveCfg = Release|Any CPU
		{B2099836-EFA5-4918-88D2-3C372DDCAE21}.Release|Any CPU.Build.0 = Release|Any CPU
		{E5C79EC0-8218-4033-9956-335C4778C44B}.Debug|Any CPU.ActiveCfg = Debug|Any CPU
		{E5C79EC0-8218-4033-9956-335C4778C44B}.Debug|Any CPU.Build.0 = Debug|Any CPU
		{E5C79EC0-8218-4033-9956-335C4778C44B}.Release|Any CPU.ActiveCfg = Release|Any CPU
		{E5C79EC0-8218-4033-9956-335C4778C44B}.Release|Any CPU.Build.0 = Release|Any CPU
		{6C0A03D0-988F-4BB5-B04A-09A113D547F0}.Debug|Any CPU.ActiveCfg = Debug|Any CPU
		{6C0A03D0-988F-4BB5-B04A-09A113D547F0}.Debug|Any CPU.Build.0 = Debug|Any CPU
		{6C0A03D0-988F-4BB5-B04A-09A113D547F0}.Release|Any CPU.ActiveCfg = Release|Any CPU
		{6C0A03D0-988F-4BB5-B04A-09A113D547F0}.Release|Any CPU.Build.0 = Release|Any CPU
		{7F57A2BA-A5D2-459D-AB65-1FC0C9D2724F}.Debug|Any CPU.ActiveCfg = Debug|Any CPU
		{7F57A2BA-A5D2-459D-AB65-1FC0C9D2724F}.Debug|Any CPU.Build.0 = Debug|Any CPU
		{7F57A2BA-A5D2-459D-AB65-1FC0C9D2724F}.Release|Any CPU.ActiveCfg = Release|Any CPU
		{7F57A2BA-A5D2-459D-AB65-1FC0C9D2724F}.Release|Any CPU.Build.0 = Release|Any CPU
		{67B81A97-60B3-4360-94E2-234A8DB614B1}.Debug|Any CPU.ActiveCfg = Debug|Any CPU
		{67B81A97-60B3-4360-94E2-234A8DB614B1}.Debug|Any CPU.Build.0 = Debug|Any CPU
		{67B81A97-60B3-4360-94E2-234A8DB614B1}.Release|Any CPU.ActiveCfg = Release|Any CPU
		{67B81A97-60B3-4360-94E2-234A8DB614B1}.Release|Any CPU.Build.0 = Release|Any CPU
	EndGlobalSection
	GlobalSection(SolutionProperties) = preSolution
		HideSolutionNode = FALSE
	EndGlobalSection
	GlobalSection(ExtensibilityGlobals) = postSolution
		SolutionGuid = {F4A5D7FD-147A-4326-B0FE-325F9DB59553}
	EndGlobalSection
EndGlobal
