
Microsoft Visual Studio Solution File, Format Version 12.00
# Visual Studio Version 17
VisualStudioVersion = 17.14.36109.1 d17.14
MinimumVisualStudioVersion = 10.0.40219.1
Project("{FAE04EC0-301F-11D3-BF4B-00C04F79EFBC}") = "Strings", "Strings\Strings.csproj", "{A0DD3D26-4C46-4EF9-BE5D-EBF4BD061A54}"
EndProject
Project("{FAE04EC0-301F-11D3-BF4B-00C04F79EFBC}") = "Numbers", "Numbers\Numbers.csproj", "{B2099836-EFA5-4918-88D2-3C372DDCAE21}"
EndProject
Global
	GlobalSection(SolutionConfigurationPlatforms) = preSolution
		Debug|Any CPU = Debug|Any CPU
		Release|Any CPU = Release|Any CPU
	EndGlobalSection
	GlobalSection(ProjectConfigurationPlatforms) = postSolution
		{A0DD3D26-4C46-4EF9-BE5D-EBF4BD061A54}.Debug|Any CPU.ActiveCfg = Debug|Any CPU
		{A0DD3D26-4C46-4EF9-BE5D-EBF4BD061A54}.Debug|Any CPU.Build.0 = Debug|Any CPU
		{A0DD3D26-4C46-4EF9-BE5D-EBF4BD061A54}.Release|Any CPU.ActiveCfg = Release|Any CPU
		{A0DD3D26-4C46-4EF9-BE5D-EBF4BD061A54}.Release|Any CPU.Build.0 = Release|Any CPU
		{B2099836-EFA5-4918-88D2-3C372DDCAE21}.Debug|Any CPU.ActiveCfg = Debug|Any CPU
		{B2099836-EFA5-4918-88D2-3C372DDCAE21}.Debug|Any CPU.Build.0 = Debug|Any CPU
		{B2099836-EFA5-4918-88D2-3C372DDCAE21}.Release|Any CPU.ActiveCfg = Release|Any CPU
		{B2099836-EFA5-4918-88D2-3C372DDCAE21}.Release|Any CPU.Build.0 = Release|Any CPU
	EndGlobalSection
	GlobalSection(SolutionProperties) = preSolution
		HideSolutionNode = FALSE
	EndGlobalSection
	GlobalSection(ExtensibilityGlobals) = postSolution
		SolutionGuid = {F4A5D7FD-147A-4326-B0FE-325F9DB59553}
	EndGlobalSection
EndGlobal
